// !$*UTF8*$!
{
	archiveVersion = 1;
	classes = {
	};
	objectVersion = 46;
	objects = {

/* Begin PBXBuildFile section */
		9DCEF9441D25C497001F8927 /* AppDelegate.swift in Sources */ = {isa = PBXBuildFile; fileRef = 9DCEF9431D25C497001F8927 /* AppDelegate.swift */; };
		9DCEF9461D25C497001F8927 /* ViewController.swift in Sources */ = {isa = PBXBuildFile; fileRef = 9DCEF9451D25C497001F8927 /* ViewController.swift */; };
		9DCEF9491D25C497001F8927 /* Main.storyboard in Resources */ = {isa = PBXBuildFile; fileRef = 9DCEF9471D25C497001F8927 /* Main.storyboard */; };
		9DCEF94B1D25C498001F8927 /* Assets.xcassets in Resources */ = {isa = PBXBuildFile; fileRef = 9DCEF94A1D25C498001F8927 /* Assets.xcassets */; };
		9DCEF94E1D25C498001F8927 /* LaunchScreen.storyboard in Resources */ = {isa = PBXBuildFile; fileRef = 9DCEF94C1D25C498001F8927 /* LaunchScreen.storyboard */; };
		9DCEF9591D25C498001F8927 /* SimpleAppTests.swift in Sources */ = {isa = PBXBuildFile; fileRef = 9DCEF9581D25C498001F8927 /* SimpleAppTests.swift */; };
		9DCEF9641D25C498001F8927 /* SimpleAppUITests.swift in Sources */ = {isa = PBXBuildFile; fileRef = 9DCEF9631D25C498001F8927 /* SimpleAppUITests.swift */; };
/* End PBXBuildFile section */

/* Begin PBXContainerItemProxy section */
		9DCEF9551D25C498001F8927 /* PBXContainerItemProxy */ = {
			isa = PBXContainerItemProxy;
			containerPortal = 9DCEF9381D25C497001F8927 /* Project object */;
			proxyType = 1;
			remoteGlobalIDString = 9DCEF93F1D25C497001F8927;
			remoteInfo = SimpleApp;
		};
		9DCEF9601D25C498001F8927 /* PBXContainerItemProxy */ = {
			isa = PBXContainerItemProxy;
			containerPortal = 9DCEF9381D25C497001F8927 /* Project object */;
			proxyType = 1;
			remoteGlobalIDString = 9DCEF93F1D25C497001F8927;
			remoteInfo = SimpleApp;
		};
/* End PBXContainerItemProxy section */

/* Begin PBXFileReference section */
		9DCEF9401D25C497001F8927 /* SimpleApp.app */ = {isa = PBXFileReference; explicitFileType = wrapper.application; includeInIndex = 0; path = SimpleApp.app; sourceTree = BUILT_PRODUCTS_DIR; };
		9DCEF9431D25C497001F8927 /* AppDelegate.swift */ = {isa = PBXFileReference; lastKnownFileType = sourcecode.swift; path = AppDelegate.swift; sourceTree = "<group>"; };
		9DCEF9451D25C497001F8927 /* ViewController.swift */ = {isa = PBXFileReference; lastKnownFileType = sourcecode.swift; path = ViewController.swift; sourceTree = "<group>"; };
		9DCEF9481D25C497001F8927 /* Base */ = {isa = PBXFileReference; lastKnownFileType = file.storyboard; name = Base; path = Base.lproj/Main.storyboard; sourceTree = "<group>"; };
		9DCEF94A1D25C498001F8927 /* Assets.xcassets */ = {isa = PBXFileReference; lastKnownFileType = folder.assetcatalog; path = Assets.xcassets; sourceTree = "<group>"; };
		9DCEF94D1D25C498001F8927 /* Base */ = {isa = PBXFileReference; lastKnownFileType = file.storyboard; name = Base; path = Base.lproj/LaunchScreen.storyboard; sourceTree = "<group>"; };
		9DCEF94F1D25C498001F8927 /* Info.plist */ = {isa = PBXFileReference; lastKnownFileType = text.plist.xml; path = Info.plist; sourceTree = "<group>"; };
		9DCEF9541D25C498001F8927 /* SimpleAppTests.xctest */ = {isa = PBXFileReference; explicitFileType = wrapper.cfbundle; includeInIndex = 0; path = SimpleAppTests.xctest; sourceTree = BUILT_PRODUCTS_DIR; };
		9DCEF9581D25C498001F8927 /* SimpleAppTests.swift */ = {isa = PBXFileReference; lastKnownFileType = sourcecode.swift; path = SimpleAppTests.swift; sourceTree = "<group>"; };
		9DCEF95A1D25C498001F8927 /* Info.plist */ = {isa = PBXFileReference; lastKnownFileType = text.plist.xml; path = Info.plist; sourceTree = "<group>"; };
		9DCEF95F1D25C498001F8927 /* SimpleAppUITests.xctest */ = {isa = PBXFileReference; explicitFileType = wrapper.cfbundle; includeInIndex = 0; path = SimpleAppUITests.xctest; sourceTree = BUILT_PRODUCTS_DIR; };
		9DCEF9631D25C498001F8927 /* SimpleAppUITests.swift */ = {isa = PBXFileReference; lastKnownFileType = sourcecode.swift; path = SimpleAppUITests.swift; sourceTree = "<group>"; };
		9DCEF9651D25C498001F8927 /* Info.plist */ = {isa = PBXFileReference; lastKnownFileType = text.plist.xml; path = Info.plist; sourceTree = "<group>"; };
/* End PBXFileReference section */

/* Begin PBXFrameworksBuildPhase section */
		9DCEF93D1D25C497001F8927 /* Frameworks */ = {
			isa = PBXFrameworksBuildPhase;
			buildActionMask = 2147483647;
			files = (
			);
			runOnlyForDeploymentPostprocessing = 0;
		};
		9DCEF9511D25C498001F8927 /* Frameworks */ = {
			isa = PBXFrameworksBuildPhase;
			buildActionMask = 2147483647;
			files = (
			);
			runOnlyForDeploymentPostprocessing = 0;
		};
		9DCEF95C1D25C498001F8927 /* Frameworks */ = {
			isa = PBXFrameworksBuildPhase;
			buildActionMask = 2147483647;
			files = (
			);
			runOnlyForDeploymentPostprocessing = 0;
		};
/* End PBXFrameworksBuildPhase section */

/* Begin PBXGroup section */
		9DCEF9371D25C497001F8927 = {
			isa = PBXGroup;
			children = (
				9DCEF9421D25C497001F8927 /* SimpleApp */,
				9DCEF9571D25C498001F8927 /* SimpleAppTests */,
				9DCEF9621D25C498001F8927 /* SimpleAppUITests */,
				9DCEF9411D25C497001F8927 /* Products */,
			);
			sourceTree = "<group>";
		};
		9DCEF9411D25C497001F8927 /* Products */ = {
			isa = PBXGroup;
			children = (
				9DCEF9401D25C497001F8927 /* SimpleApp.app */,
				9DCEF9541D25C498001F8927 /* SimpleAppTests.xctest */,
				9DCEF95F1D25C498001F8927 /* SimpleAppUITests.xctest */,
			);
			name = Products;
			sourceTree = "<group>";
		};
		9DCEF9421D25C497001F8927 /* SimpleApp */ = {
			isa = PBXGroup;
			children = (
				9DCEF9431D25C497001F8927 /* AppDelegate.swift */,
				9DCEF9451D25C497001F8927 /* ViewController.swift */,
				9DCEF9471D25C497001F8927 /* Main.storyboard */,
				9DCEF94A1D25C498001F8927 /* Assets.xcassets */,
				9DCEF94C1D25C498001F8927 /* LaunchScreen.storyboard */,
				9DCEF94F1D25C498001F8927 /* Info.plist */,
			);
			path = SimpleApp;
			sourceTree = "<group>";
		};
		9DCEF9571D25C498001F8927 /* SimpleAppTests */ = {
			isa = PBXGroup;
			children = (
				9DCEF9581D25C498001F8927 /* SimpleAppTests.swift */,
				9DCEF95A1D25C498001F8927 /* Info.plist */,
			);
			path = SimpleAppTests;
			sourceTree = "<group>";
		};
		9DCEF9621D25C498001F8927 /* SimpleAppUITests */ = {
			isa = PBXGroup;
			children = (
				9DCEF9631D25C498001F8927 /* SimpleAppUITests.swift */,
				9DCEF9651D25C498001F8927 /* Info.plist */,
			);
			path = SimpleAppUITests;
			sourceTree = "<group>";
		};
/* End PBXGroup section */

/* Begin PBXNativeTarget section */
		9DCEF93F1D25C497001F8927 /* SimpleApp */ = {
			isa = PBXNativeTarget;
			buildConfigurationList = 9DCEF9681D25C498001F8927 /* Build configuration list for PBXNativeTarget "SimpleApp" */;
			buildPhases = (
				9DCEF93C1D25C497001F8927 /* Sources */,
				9DCEF93D1D25C497001F8927 /* Frameworks */,
				9DCEF93E1D25C497001F8927 /* Resources */,
			);
			buildRules = (
			);
			dependencies = (
			);
			name = SimpleApp;
			productName = SimpleApp;
			productReference = 9DCEF9401D25C497001F8927 /* SimpleApp.app */;
			productType = "com.apple.product-type.application";
		};
		9DCEF9531D25C498001F8927 /* SimpleAppTests */ = {
			isa = PBXNativeTarget;
			buildConfigurationList = 9DCEF96B1D25C498001F8927 /* Build configuration list for PBXNativeTarget "SimpleAppTests" */;
			buildPhases = (
				9DCEF9501D25C498001F8927 /* Sources */,
				9DCEF9511D25C498001F8927 /* Frameworks */,
				9DCEF9521D25C498001F8927 /* Resources */,
			);
			buildRules = (
			);
			dependencies = (
				9DCEF9561D25C498001F8927 /* PBXTargetDependency */,
			);
			name = SimpleAppTests;
			productName = SimpleAppTests;
			productReference = 9DCEF9541D25C498001F8927 /* SimpleAppTests.xctest */;
			productType = "com.apple.product-type.bundle.unit-test";
		};
		9DCEF95E1D25C498001F8927 /* SimpleAppUITests */ = {
			isa = PBXNativeTarget;
			buildConfigurationList = 9DCEF96E1D25C498001F8927 /* Build configuration list for PBXNativeTarget "SimpleAppUITests" */;
			buildPhases = (
				9DCEF95B1D25C498001F8927 /* Sources */,
				9DCEF95C1D25C498001F8927 /* Frameworks */,
				9DCEF95D1D25C498001F8927 /* Resources */,
			);
			buildRules = (
			);
			dependencies = (
				9DCEF9611D25C498001F8927 /* PBXTargetDependency */,
			);
			name = SimpleAppUITests;
			productName = SimpleAppUITests;
			productReference = 9DCEF95F1D25C498001F8927 /* SimpleAppUITests.xctest */;
			productType = "com.apple.product-type.bundle.ui-testing";
		};
/* End PBXNativeTarget section */

/* Begin PBXProject section */
		9DCEF9381D25C497001F8927 /* Project object */ = {
			isa = PBXProject;
			attributes = {
				LastSwiftUpdateCheck = 0730;
				LastUpgradeCheck = 0730;
				ORGANIZATIONNAME = "Sebastián Mancheno Alvarado";
				TargetAttributes = {
					9DCEF93F1D25C497001F8927 = {
						CreatedOnToolsVersion = 7.3.1;
					};
					9DCEF9531D25C498001F8927 = {
						CreatedOnToolsVersion = 7.3.1;
						TestTargetID = 9DCEF93F1D25C497001F8927;
					};
					9DCEF95E1D25C498001F8927 = {
						CreatedOnToolsVersion = 7.3.1;
						TestTargetID = 9DCEF93F1D25C497001F8927;
					};
				};
			};
			buildConfigurationList = 9DCEF93B1D25C497001F8927 /* Build configuration list for PBXProject "SimpleApp" */;
			compatibilityVersion = "Xcode 3.2";
			developmentRegion = English;
			hasScannedForEncodings = 0;
			knownRegions = (
				en,
				Base,
			);
			mainGroup = 9DCEF9371D25C497001F8927;
			productRefGroup = 9DCEF9411D25C497001F8927 /* Products */;
			projectDirPath = "";
			projectRoot = "";
			targets = (
				9DCEF93F1D25C497001F8927 /* SimpleApp */,
				9DCEF9531D25C498001F8927 /* SimpleAppTests */,
				9DCEF95E1D25C498001F8927 /* SimpleAppUITests */,
			);
		};
/* End PBXProject section */

/* Begin PBXResourcesBuildPhase section */
		9DCEF93E1D25C497001F8927 /* Resources */ = {
			isa = PBXResourcesBuildPhase;
			buildActionMask = 2147483647;
			files = (
				9DCEF94E1D25C498001F8927 /* LaunchScreen.storyboard in Resources */,
				9DCEF94B1D25C498001F8927 /* Assets.xcassets in Resources */,
				9DCEF9491D25C497001F8927 /* Main.storyboard in Resources */,
			);
			runOnlyForDeploymentPostprocessing = 0;
		};
		9DCEF9521D25C498001F8927 /* Resources */ = {
			isa = PBXResourcesBuildPhase;
			buildActionMask = 2147483647;
			files = (
			);
			runOnlyForDeploymentPostprocessing = 0;
		};
		9DCEF95D1D25C498001F8927 /* Resources */ = {
			isa = PBXResourcesBuildPhase;
			buildActionMask = 2147483647;
			files = (
			);
			runOnlyForDeploymentPostprocessing = 0;
		};
/* End PBXResourcesBuildPhase section */

/* Begin PBXSourcesBuildPhase section */
		9DCEF93C1D25C497001F8927 /* Sources */ = {
			isa = PBXSourcesBuildPhase;
			buildActionMask = 2147483647;
			files = (
				9DCEF9461D25C497001F8927 /* ViewController.swift in Sources */,
				9DCEF9441D25C497001F8927 /* AppDelegate.swift in Sources */,
			);
			runOnlyForDeploymentPostprocessing = 0;
		};
		9DCEF9501D25C498001F8927 /* Sources */ = {
			isa = PBXSourcesBuildPhase;
			buildActionMask = 2147483647;
			files = (
				9DCEF9591D25C498001F8927 /* SimpleAppTests.swift in Sources */,
			);
			runOnlyForDeploymentPostprocessing = 0;
		};
		9DCEF95B1D25C498001F8927 /* Sources */ = {
			isa = PBXSourcesBuildPhase;
			buildActionMask = 2147483647;
			files = (
				9DCEF9641D25C498001F8927 /* SimpleAppUITests.swift in Sources */,
			);
			runOnlyForDeploymentPostprocessing = 0;
		};
/* End PBXSourcesBuildPhase section */

/* Begin PBXTargetDependency section */
		9DCEF9561D25C498001F8927 /* PBXTargetDependency */ = {
			isa = PBXTargetDependency;
			target = 9DCEF93F1D25C497001F8927 /* SimpleApp */;
			targetProxy = 9DCEF9551D25C498001F8927 /* PBXContainerItemProxy */;
		};
		9DCEF9611D25C498001F8927 /* PBXTargetDependency */ = {
			isa = PBXTargetDependency;
			target = 9DCEF93F1D25C497001F8927 /* SimpleApp */;
			targetProxy = 9DCEF9601D25C498001F8927 /* PBXContainerItemProxy */;
		};
/* End PBXTargetDependency section */

/* Begin PBXVariantGroup section */
		9DCEF9471D25C497001F8927 /* Main.storyboard */ = {
			isa = PBXVariantGroup;
			children = (
				9DCEF9481D25C497001F8927 /* Base */,
			);
			name = Main.storyboard;
			sourceTree = "<group>";
		};
		9DCEF94C1D25C498001F8927 /* LaunchScreen.storyboard */ = {
			isa = PBXVariantGroup;
			children = (
				9DCEF94D1D25C498001F8927 /* Base */,
			);
			name = LaunchScreen.storyboard;
			sourceTree = "<group>";
		};
/* End PBXVariantGroup section */

/* Begin XCBuildConfiguration section */
		9DCEF9661D25C498001F8927 /* Debug */ = {
			isa = XCBuildConfiguration;
			buildSettings = {
				ALWAYS_SEARCH_USER_PATHS = NO;
				CLANG_ANALYZER_NONNULL = YES;
				CLANG_CXX_LANGUAGE_STANDARD = "gnu++0x";
				CLANG_CXX_LIBRARY = "libc++";
				CLANG_ENABLE_MODULES = YES;
				CLANG_ENABLE_OBJC_ARC = YES;
				CLANG_WARN_BOOL_CONVERSION = YES;
				CLANG_WARN_CONSTANT_CONVERSION = YES;
				CLANG_WARN_DIRECT_OBJC_ISA_USAGE = YES_ERROR;
				CLANG_WARN_EMPTY_BODY = YES;
				CLANG_WARN_ENUM_CONVERSION = YES;
				CLANG_WARN_INT_CONVERSION = YES;
				CLANG_WARN_OBJC_ROOT_CLASS = YES_ERROR;
				CLANG_WARN_UNREACHABLE_CODE = YES;
				CLANG_WARN__DUPLICATE_METHOD_MATCH = YES;
				"CODE_SIGN_IDENTITY[sdk=iphoneos*]" = "iPhone Developer";
				COPY_PHASE_STRIP = NO;
				DEBUG_INFORMATION_FORMAT = dwarf;
				ENABLE_STRICT_OBJC_MSGSEND = YES;
				ENABLE_TESTABILITY = YES;
				GCC_C_LANGUAGE_STANDARD = gnu99;
				GCC_DYNAMIC_NO_PIC = NO;
				GCC_NO_COMMON_BLOCKS = YES;
				GCC_OPTIMIZATION_LEVEL = 0;
				GCC_PREPROCESSOR_DEFINITIONS = (
					"DEBUG=1",
					"$(inherited)",
				);
				GCC_WARN_64_TO_32_BIT_CONVERSION = YES;
				GCC_WARN_ABOUT_RETURN_TYPE = YES_ERROR;
				GCC_WARN_UNDECLARED_SELECTOR = YES;
				GCC_WARN_UNINITIALIZED_AUTOS = YES_AGGRESSIVE;
				GCC_WARN_UNUSED_FUNCTION = YES;
				GCC_WARN_UNUSED_VARIABLE = YES;
				IPHONEOS_DEPLOYMENT_TARGET = 9.3;
				MTL_ENABLE_DEBUG_INFO = YES;
				ONLY_ACTIVE_ARCH = YES;
				SDKROOT = iphoneos;
				SWIFT_OPTIMIZATION_LEVEL = "-Onone";
				TARGETED_DEVICE_FAMILY = "1,2";
			};
			name = Debug;
		};
		9DCEF9671D25C498001F8927 /* Release */ = {
			isa = XCBuildConfiguration;
			buildSettings = {
				ALWAYS_SEARCH_USER_PATHS = NO;
				CLANG_ANALYZER_NONNULL = YES;
				CLANG_CXX_LANGUAGE_STANDARD = "gnu++0x";
				CLANG_CXX_LIBRARY = "libc++";
				CLANG_ENABLE_MODULES = YES;
				CLANG_ENABLE_OBJC_ARC = YES;
				CLANG_WARN_BOOL_CONVERSION = YES;
				CLANG_WARN_CONSTANT_CONVERSION = YES;
				CLANG_WARN_DIRECT_OBJC_ISA_USAGE = YES_ERROR;
				CLANG_WARN_EMPTY_BODY = YES;
				CLANG_WARN_ENUM_CONVERSION = YES;
				CLANG_WARN_INT_CONVERSION = YES;
				CLANG_WARN_OBJC_ROOT_CLASS = YES_ERROR;
				CLANG_WARN_UNREACHABLE_CODE = YES;
				CLANG_WARN__DUPLICATE_METHOD_MATCH = YES;
				"CODE_SIGN_IDENTITY[sdk=iphoneos*]" = "iPhone Developer";
				COPY_PHASE_STRIP = NO;
				DEBUG_INFORMATION_FORMAT = "dwarf-with-dsym";
				ENABLE_NS_ASSERTIONS = NO;
				ENABLE_STRICT_OBJC_MSGSEND = YES;
				GCC_C_LANGUAGE_STANDARD = gnu99;
				GCC_NO_COMMON_BLOCKS = YES;
				GCC_WARN_64_TO_32_BIT_CONVERSION = YES;
				GCC_WARN_ABOUT_RETURN_TYPE = YES_ERROR;
				GCC_WARN_UNDECLARED_SELECTOR = YES;
				GCC_WARN_UNINITIALIZED_AUTOS = YES_AGGRESSIVE;
				GCC_WARN_UNUSED_FUNCTION = YES;
				GCC_WARN_UNUSED_VARIABLE = YES;
				IPHONEOS_DEPLOYMENT_TARGET = 9.3;
				MTL_ENABLE_DEBUG_INFO = NO;
				SDKROOT = iphoneos;
				TARGETED_DEVICE_FAMILY = "1,2";
				VALIDATE_PRODUCT = YES;
			};
			name = Release;
		};
		9DCEF9691D25C498001F8927 /* Debug */ = {
			isa = XCBuildConfiguration;
			buildSettings = {
				ASSETCATALOG_COMPILER_APPICON_NAME = AppIcon;
				INFOPLIST_FILE = SimpleApp/Info.plist;
				LD_RUNPATH_SEARCH_PATHS = "$(inherited) @executable_path/Frameworks";
				PRODUCT_BUNDLE_IDENTIFIER = "Manch-Software.SimpleApp";
				PRODUCT_NAME = "$(TARGET_NAME)";
			};
			name = Debug;
		};
		9DCEF96A1D25C498001F8927 /* Release */ = {
			isa = XCBuildConfiguration;
			buildSettings = {
				ASSETCATALOG_COMPILER_APPICON_NAME = AppIcon;
				INFOPLIST_FILE = SimpleApp/Info.plist;
				LD_RUNPATH_SEARCH_PATHS = "$(inherited) @executable_path/Frameworks";
				PRODUCT_BUNDLE_IDENTIFIER = "Manch-Software.SimpleApp";
				PRODUCT_NAME = "$(TARGET_NAME)";
			};
			name = Release;
		};
		9DCEF96C1D25C498001F8927 /* Debug */ = {
			isa = XCBuildConfiguration;
			buildSettings = {
				BUNDLE_LOADER = "$(TEST_HOST)";
				INFOPLIST_FILE = SimpleAppTests/Info.plist;
				LD_RUNPATH_SEARCH_PATHS = "$(inherited) @executable_path/Frameworks @loader_path/Frameworks";
				PRODUCT_BUNDLE_IDENTIFIER = "Manch-Software.SimpleAppTests";
				PRODUCT_NAME = "$(TARGET_NAME)";
				TEST_HOST = "$(BUILT_PRODUCTS_DIR)/SimpleApp.app/SimpleApp";
			};
			name = Debug;
		};
		9DCEF96D1D25C498001F8927 /* Release */ = {
			isa = XCBuildConfiguration;
			buildSettings = {
				BUNDLE_LOADER = "$(TEST_HOST)";
				INFOPLIST_FILE = SimpleAppTests/Info.plist;
				LD_RUNPATH_SEARCH_PATHS = "$(inherited) @executable_path/Frameworks @loader_path/Frameworks";
				PRODUCT_BUNDLE_IDENTIFIER = "Manch-Software.SimpleAppTests";
				PRODUCT_NAME = "$(TARGET_NAME)";
				TEST_HOST = "$(BUILT_PRODUCTS_DIR)/SimpleApp.app/SimpleApp";
			};
			name = Release;
		};
		9DCEF96F1D25C498001F8927 /* Debug */ = {
			isa = XCBuildConfiguration;
			buildSettings = {
				INFOPLIST_FILE = SimpleAppUITests/Info.plist;
				LD_RUNPATH_SEARCH_PATHS = "$(inherited) @executable_path/Frameworks @loader_path/Frameworks";
				PRODUCT_BUNDLE_IDENTIFIER = "Manch-Software.SimpleAppUITests";
				PRODUCT_NAME = "$(TARGET_NAME)";
				TEST_TARGET_NAME = SimpleApp;
			};
			name = Debug;
		};
		9DCEF9701D25C498001F8927 /* Release */ = {
			isa = XCBuildConfiguration;
			buildSettings = {
				INFOPLIST_FILE = SimpleAppUITests/Info.plist;
				LD_RUNPATH_SEARCH_PATHS = "$(inherited) @executable_path/Frameworks @loader_path/Frameworks";
				PRODUCT_BUNDLE_IDENTIFIER = "Manch-Software.SimpleAppUITests";
				PRODUCT_NAME = "$(TARGET_NAME)";
				TEST_TARGET_NAME = SimpleApp;
			};
			name = Release;
		};
/* End XCBuildConfiguration section */

/* Begin XCConfigurationList section */
		9DCEF93B1D25C497001F8927 /* Build configuration list for PBXProject "SimpleApp" */ = {
			isa = XCConfigurationList;
			buildConfigurations = (
				9DCEF9661D25C498001F8927 /* Debug */,
				9DCEF9671D25C498001F8927 /* Release */,
			);
			defaultConfigurationIsVisible = 0;
			defaultConfigurationName = Release;
		};
		9DCEF9681D25C498001F8927 /* Build configuration list for PBXNativeTarget "SimpleApp" */ = {
			isa = XCConfigurationList;
			buildConfigurations = (
				9DCEF9691D25C498001F8927 /* Debug */,
				9DCEF96A1D25C498001F8927 /* Release */,
			);
			defaultConfigurationIsVisible = 0;
		};
		9DCEF96B1D25C498001F8927 /* Build configuration list for PBXNativeTarget "SimpleAppTests" */ = {
			isa = XCConfigurationList;
			buildConfigurations = (
				9DCEF96C1D25C498001F8927 /* Debug */,
				9DCEF96D1D25C498001F8927 /* Release */,
			);
			defaultConfigurationIsVisible = 0;
		};
		9DCEF96E1D25C498001F8927 /* Build configuration list for PBXNativeTarget "SimpleAppUITests" */ = {
			isa = XCConfigurationList;
			buildConfigurations = (
				9DCEF96F1D25C498001F8927 /* Debug */,
				9DCEF9701D25C498001F8927 /* Release */,
			);
			defaultConfigurationIsVisible = 0;
		};
/* End XCConfigurationList section */
	};
	rootObject = 9DCEF9381D25C497001F8927 /* Project object */;
}
